// !$*UTF8*$!
{
	archiveVersion = 1;
	classes = {
	};
	objectVersion = 46;
	objects = {

/* Begin PBXBuildFile section */
		A5FA74A61CA2428F0037080D /* main.m in Sources */ = {isa = PBXBuildFile; fileRef = A5FA74A51CA2428F0037080D /* main.m */; };
		A5FA74A91CA2428F0037080D /* AppDelegate.m in Sources */ = {isa = PBXBuildFile; fileRef = A5FA74A81CA2428F0037080D /* AppDelegate.m */; };
		A5FA74AC1CA2428F0037080D /* ViewController.m in Sources */ = {isa = PBXBuildFile; fileRef = A5FA74AB1CA2428F0037080D /* ViewController.m */; };
		A5FA74AF1CA2428F0037080D /* Main.storyboard in Resources */ = {isa = PBXBuildFile; fileRef = A5FA74AD1CA2428F0037080D /* Main.storyboard */; };
		A5FA74B11CA2428F0037080D /* Assets.xcassets in Resources */ = {isa = PBXBuildFile; fileRef = A5FA74B01CA2428F0037080D /* Assets.xcassets */; };
		A5FA74B41CA2428F0037080D /* LaunchScreen.storyboard in Resources */ = {isa = PBXBuildFile; fileRef = A5FA74B21CA2428F0037080D /* LaunchScreen.storyboard */; };
		A5FA74BF1CA2428F0037080D /* _______DemoTests.m in Sources */ = {isa = PBXBuildFile; fileRef = A5FA74BE1CA2428F0037080D /* _______DemoTests.m */; };
		A5FA74CA1CA2428F0037080D /* _______DemoUITests.m in Sources */ = {isa = PBXBuildFile; fileRef = A5FA74C91CA2428F0037080D /* _______DemoUITests.m */; };
		A5FA74D81CA242C00037080D /* QuartzCore.framework in Frameworks */ = {isa = PBXBuildFile; fileRef = A5FA74D71CA242C00037080D /* QuartzCore.framework */; };
		A5FA74DA1CA242C80037080D /* UIKit.framework in Frameworks */ = {isa = PBXBuildFile; fileRef = A5FA74D91CA242C80037080D /* UIKit.framework */; };
		A5FA74DC1CA242D00037080D /* Foundation.framework in Frameworks */ = {isa = PBXBuildFile; fileRef = A5FA74DB1CA242D00037080D /* Foundation.framework */; };
		A5FA74DE1CA242DA0037080D /* CoreGraphics.framework in Frameworks */ = {isa = PBXBuildFile; fileRef = A5FA74DD1CA242DA0037080D /* CoreGraphics.framework */; };
		A5FA74E91CA243510037080D /* MMDrawerBarButtonItem.m in Sources */ = {isa = PBXBuildFile; fileRef = A5FA74E11CA243510037080D /* MMDrawerBarButtonItem.m */; };
		A5FA74EA1CA243510037080D /* MMDrawerController.m in Sources */ = {isa = PBXBuildFile; fileRef = A5FA74E41CA243510037080D /* MMDrawerController.m */; };
		A5FA74EB1CA243510037080D /* MMDrawerVisualState.m in Sources */ = {isa = PBXBuildFile; fileRef = A5FA74E61CA243510037080D /* MMDrawerVisualState.m */; };
		A5FA74EC1CA243510037080D /* UIViewController+MMDrawerController.m in Sources */ = {isa = PBXBuildFile; fileRef = A5FA74E81CA243510037080D /* UIViewController+MMDrawerController.m */; };
		A5FA75081CA2451B0037080D /* MMCenterTableViewCell.m in Sources */ = {isa = PBXBuildFile; fileRef = A5FA74EF1CA2451B0037080D /* MMCenterTableViewCell.m */; };
		A5FA75091CA2451B0037080D /* MMDrawerControllerKitchenSink-Info.plist in Resources */ = {isa = PBXBuildFile; fileRef = A5FA74F01CA2451B0037080D /* MMDrawerControllerKitchenSink-Info.plist */; };
		A5FA750A1CA2451B0037080D /* MMExampleCenterTableViewController.m in Sources */ = {isa = PBXBuildFile; fileRef = A5FA74F31CA2451B0037080D /* MMExampleCenterTableViewController.m */; };
		A5FA750B1CA2451B0037080D /* MMExampleDrawerVisualStateManager.m in Sources */ = {isa = PBXBuildFile; fileRef = A5FA74F51CA2451B0037080D /* MMExampleDrawerVisualStateManager.m */; };
		A5FA750C1CA2451B0037080D /* MMExampleLeftSideDrawerViewController.m in Sources */ = {isa = PBXBuildFile; fileRef = A5FA74F71CA2451B0037080D /* MMExampleLeftSideDrawerViewController.m */; };
		A5FA750D1CA2451B0037080D /* MMExampleRightSideDrawerViewController.m in Sources */ = {isa = PBXBuildFile; fileRef = A5FA74F91CA2451B0037080D /* MMExampleRightSideDrawerViewController.m */; };
		A5FA750E1CA2451B0037080D /* MMExampleSideDrawerViewController.m in Sources */ = {isa = PBXBuildFile; fileRef = A5FA74FB1CA2451B0037080D /* MMExampleSideDrawerViewController.m */; };
		A5FA750F1CA2451B0037080D /* MMExampleViewController.m in Sources */ = {isa = PBXBuildFile; fileRef = A5FA74FD1CA2451B0037080D /* MMExampleViewController.m */; };
		A5FA75101CA2451B0037080D /* MMLogoView.m in Sources */ = {isa = PBXBuildFile; fileRef = A5FA74FF1CA2451B0037080D /* MMLogoView.m */; };
		A5FA75111CA2451B0037080D /* MMNavigationController.m in Sources */ = {isa = PBXBuildFile; fileRef = A5FA75011CA2451B0037080D /* MMNavigationController.m */; };
		A5FA75121CA2451B0037080D /* MMSideDrawerSectionHeaderView.m in Sources */ = {isa = PBXBuildFile; fileRef = A5FA75031CA2451B0037080D /* MMSideDrawerSectionHeaderView.m */; };
		A5FA75131CA2451B0037080D /* MMSideDrawerTableViewCell.m in Sources */ = {isa = PBXBuildFile; fileRef = A5FA75051CA2451B0037080D /* MMSideDrawerTableViewCell.m */; };
		A5FA75141CA2451B0037080D /* MMTableViewCell.m in Sources */ = {isa = PBXBuildFile; fileRef = A5FA75071CA2451B0037080D /* MMTableViewCell.m */; };
/* End PBXBuildFile section */

/* Begin PBXContainerItemProxy section */
		A5FA74BB1CA2428F0037080D /* PBXContainerItemProxy */ = {
			isa = PBXContainerItemProxy;
			containerPortal = A5FA74991CA2428F0037080D /* Project object */;
			proxyType = 1;
			remoteGlobalIDString = A5FA74A01CA2428F0037080D;
			remoteInfo = "抽屉式滑动效果Demo";
		};
		A5FA74C61CA2428F0037080D /* PBXContainerItemProxy */ = {
			isa = PBXContainerItemProxy;
			containerPortal = A5FA74991CA2428F0037080D /* Project object */;
			proxyType = 1;
			remoteGlobalIDString = A5FA74A01CA2428F0037080D;
			remoteInfo = "抽屉式滑动效果Demo";
		};
/* End PBXContainerItemProxy section */

/* Begin PBXFileReference section */
		A5FA74A11CA2428F0037080D /* 抽屉式滑动效果Demo.app */ = {isa = PBXFileReference; explicitFileType = wrapper.application; includeInIndex = 0; path = "抽屉式滑动效果Demo.app"; sourceTree = BUILT_PRODUCTS_DIR; };
		A5FA74A51CA2428F0037080D /* main.m */ = {isa = PBXFileReference; lastKnownFileType = sourcecode.c.objc; path = main.m; sourceTree = "<group>"; };
		A5FA74A71CA2428F0037080D /* AppDelegate.h */ = {isa = PBXFileReference; lastKnownFileType = sourcecode.c.h; path = AppDelegate.h; sourceTree = "<group>"; };
		A5FA74A81CA2428F0037080D /* AppDelegate.m */ = {isa = PBXFileReference; lastKnownFileType = sourcecode.c.objc; path = AppDelegate.m; sourceTree = "<group>"; };
		A5FA74AA1CA2428F0037080D /* ViewController.h */ = {isa = PBXFileReference; lastKnownFileType = sourcecode.c.h; path = ViewController.h; sourceTree = "<group>"; };
		A5FA74AB1CA2428F0037080D /* ViewController.m */ = {isa = PBXFileReference; lastKnownFileType = sourcecode.c.objc; path = ViewController.m; sourceTree = "<group>"; };
		A5FA74AE1CA2428F0037080D /* Base */ = {isa = PBXFileReference; lastKnownFileType = file.storyboard; name = Base; path = Base.lproj/Main.storyboard; sourceTree = "<group>"; };
		A5FA74B01CA2428F0037080D /* Assets.xcassets */ = {isa = PBXFileReference; lastKnownFileType = folder.assetcatalog; path = Assets.xcassets; sourceTree = "<group>"; };
		A5FA74B31CA2428F0037080D /* Base */ = {isa = PBXFileReference; lastKnownFileType = file.storyboard; name = Base; path = Base.lproj/LaunchScreen.storyboard; sourceTree = "<group>"; };
		A5FA74B51CA2428F0037080D /* Info.plist */ = {isa = PBXFileReference; lastKnownFileType = text.plist.xml; path = Info.plist; sourceTree = "<group>"; };
		A5FA74BA1CA2428F0037080D /* 抽屉式滑动效果DemoTests.xctest */ = {isa = PBXFileReference; explicitFileType = wrapper.cfbundle; includeInIndex = 0; path = "抽屉式滑动效果DemoTests.xctest"; sourceTree = BUILT_PRODUCTS_DIR; };
		A5FA74BE1CA2428F0037080D /* _______DemoTests.m */ = {isa = PBXFileReference; lastKnownFileType = sourcecode.c.objc; path = "_______DemoTests.m"; sourceTree = "<group>"; };
		A5FA74C01CA2428F0037080D /* Info.plist */ = {isa = PBXFileReference; lastKnownFileType = text.plist.xml; path = Info.plist; sourceTree = "<group>"; };
		A5FA74C51CA2428F0037080D /* 抽屉式滑动效果DemoUITests.xctest */ = {isa = PBXFileReference; explicitFileType = wrapper.cfbundle; includeInIndex = 0; path = "抽屉式滑动效果DemoUITests.xctest"; sourceTree = BUILT_PRODUCTS_DIR; };
		A5FA74C91CA2428F0037080D /* _______DemoUITests.m */ = {isa = PBXFileReference; lastKnownFileType = sourcecode.c.objc; path = "_______DemoUITests.m"; sourceTree = "<group>"; };
		A5FA74CB1CA2428F0037080D /* Info.plist */ = {isa = PBXFileReference; lastKnownFileType = text.plist.xml; path = Info.plist; sourceTree = "<group>"; };
		A5FA74D71CA242C00037080D /* QuartzCore.framework */ = {isa = PBXFileReference; lastKnownFileType = wrapper.framework; name = QuartzCore.framework; path = System/Library/Frameworks/QuartzCore.framework; sourceTree = SDKROOT; };
		A5FA74D91CA242C80037080D /* UIKit.framework */ = {isa = PBXFileReference; lastKnownFileType = wrapper.framework; name = UIKit.framework; path = System/Library/Frameworks/UIKit.framework; sourceTree = SDKROOT; };
		A5FA74DB1CA242D00037080D /* Foundation.framework */ = {isa = PBXFileReference; lastKnownFileType = wrapper.framework; name = Foundation.framework; path = System/Library/Frameworks/Foundation.framework; sourceTree = SDKROOT; };
		A5FA74DD1CA242DA0037080D /* CoreGraphics.framework */ = {isa = PBXFileReference; lastKnownFileType = wrapper.framework; name = CoreGraphics.framework; path = System/Library/Frameworks/CoreGraphics.framework; sourceTree = SDKROOT; };
		A5FA74E01CA243510037080D /* MMDrawerBarButtonItem.h */ = {isa = PBXFileReference; fileEncoding = 4; lastKnownFileType = sourcecode.c.h; path = MMDrawerBarButtonItem.h; sourceTree = "<group>"; };
		A5FA74E11CA243510037080D /* MMDrawerBarButtonItem.m */ = {isa = PBXFileReference; fileEncoding = 4; lastKnownFileType = sourcecode.c.objc; path = MMDrawerBarButtonItem.m; sourceTree = "<group>"; };
		A5FA74E21CA243510037080D /* MMDrawerController+Subclass.h */ = {isa = PBXFileReference; fileEncoding = 4; lastKnownFileType = sourcecode.c.h; path = "MMDrawerController+Subclass.h"; sourceTree = "<group>"; };
		A5FA74E31CA243510037080D /* MMDrawerController.h */ = {isa = PBXFileReference; fileEncoding = 4; lastKnownFileType = sourcecode.c.h; path = MMDrawerController.h; sourceTree = "<group>"; };
		A5FA74E41CA243510037080D /* MMDrawerController.m */ = {isa = PBXFileReference; fileEncoding = 4; lastKnownFileType = sourcecode.c.objc; path = MMDrawerController.m; sourceTree = "<group>"; };
		A5FA74E51CA243510037080D /* MMDrawerVisualState.h */ = {isa = PBXFileReference; fileEncoding = 4; lastKnownFileType = sourcecode.c.h; path = MMDrawerVisualState.h; sourceTree = "<group>"; };
		A5FA74E61CA243510037080D /* MMDrawerVisualState.m */ = {isa = PBXFileReference; fileEncoding = 4; lastKnownFileType = sourcecode.c.objc; path = MMDrawerVisualState.m; sourceTree = "<group>"; };
		A5FA74E71CA243510037080D /* UIViewController+MMDrawerController.h */ = {isa = PBXFileReference; fileEncoding = 4; lastKnownFileType = sourcecode.c.h; path = "UIViewController+MMDrawerController.h"; sourceTree = "<group>"; };
		A5FA74E81CA243510037080D /* UIViewController+MMDrawerController.m */ = {isa = PBXFileReference; fileEncoding = 4; lastKnownFileType = sourcecode.c.objc; path = "UIViewController+MMDrawerController.m"; sourceTree = "<group>"; };
		A5FA74EE1CA2451B0037080D /* MMCenterTableViewCell.h */ = {isa = PBXFileReference; fileEncoding = 4; lastKnownFileType = sourcecode.c.h; path = MMCenterTableViewCell.h; sourceTree = "<group>"; };
		A5FA74EF1CA2451B0037080D /* MMCenterTableViewCell.m */ = {isa = PBXFileReference; fileEncoding = 4; lastKnownFileType = sourcecode.c.objc; path = MMCenterTableViewCell.m; sourceTree = "<group>"; };
		A5FA74F01CA2451B0037080D /* MMDrawerControllerKitchenSink-Info.plist */ = {isa = PBXFileReference; fileEncoding = 4; lastKnownFileType = text.plist.xml; path = "MMDrawerControllerKitchenSink-Info.plist"; sourceTree = "<group>"; };
		A5FA74F11CA2451B0037080D /* MMDrawerControllerKitchenSink-Prefix.pch */ = {isa = PBXFileReference; fileEncoding = 4; lastKnownFileType = sourcecode.c.h; path = "MMDrawerControllerKitchenSink-Prefix.pch"; sourceTree = "<group>"; };
		A5FA74F21CA2451B0037080D /* MMExampleCenterTableViewController.h */ = {isa = PBXFileReference; fileEncoding = 4; lastKnownFileType = sourcecode.c.h; path = MMExampleCenterTableViewController.h; sourceTree = "<group>"; };
		A5FA74F31CA2451B0037080D /* MMExampleCenterTableViewController.m */ = {isa = PBXFileReference; fileEncoding = 4; lastKnownFileType = sourcecode.c.objc; path = MMExampleCenterTableViewController.m; sourceTree = "<group>"; };
		A5FA74F41CA2451B0037080D /* MMExampleDrawerVisualStateManager.h */ = {isa = PBXFileReference; fileEncoding = 4; lastKnownFileType = sourcecode.c.h; path = MMExampleDrawerVisualStateManager.h; sourceTree = "<group>"; };
		A5FA74F51CA2451B0037080D /* MMExampleDrawerVisualStateManager.m */ = {isa = PBXFileReference; fileEncoding = 4; lastKnownFileType = sourcecode.c.objc; path = MMExampleDrawerVisualStateManager.m; sourceTree = "<group>"; };
		A5FA74F61CA2451B0037080D /* MMExampleLeftSideDrawerViewController.h */ = {isa = PBXFileReference; fileEncoding = 4; lastKnownFileType = sourcecode.c.h; path = MMExampleLeftSideDrawerViewController.h; sourceTree = "<group>"; };
		A5FA74F71CA2451B0037080D /* MMExampleLeftSideDrawerViewController.m */ = {isa = PBXFileReference; fileEncoding = 4; lastKnownFileType = sourcecode.c.objc; path = MMExampleLeftSideDrawerViewController.m; sourceTree = "<group>"; };
		A5FA74F81CA2451B0037080D /* MMExampleRightSideDrawerViewController.h */ = {isa = PBXFileReference; fileEncoding = 4; lastKnownFileType = sourcecode.c.h; path = MMExampleRightSideDrawerViewController.h; sourceTree = "<group>"; };
		A5FA74F91CA2451B0037080D /* MMExampleRightSideDrawerViewController.m */ = {isa = PBXFileReference; fileEncoding = 4; lastKnownFileType = sourcecode.c.objc; path = MMExampleRightSideDrawerViewController.m; sourceTree = "<group>"; };
		A5FA74FA1CA2451B0037080D /* MMExampleSideDrawerViewController.h */ = {isa = PBXFileReference; fileEncoding = 4; lastKnownFileType = sourcecode.c.h; path = MMExampleSideDrawerViewController.h; sourceTree = "<group>"; };
		A5FA74FB1CA2451B0037080D /* MMExampleSideDrawerViewController.m */ = {isa = PBXFileReference; fileEncoding = 4; lastKnownFileType = sourcecode.c.objc; path = MMExampleSideDrawerViewController.m; sourceTree = "<group>"; };
		A5FA74FC1CA2451B0037080D /* MMExampleViewController.h */ = {isa = PBXFileReference; fileEncoding = 4; lastKnownFileType = sourcecode.c.h; path = MMExampleViewController.h; sourceTree = "<group>"; };
		A5FA74FD1CA2451B0037080D /* MMExampleViewController.m */ = {isa = PBXFileReference; fileEncoding = 4; lastKnownFileType = sourcecode.c.objc; path = MMExampleViewController.m; sourceTree = "<group>"; };
		A5FA74FE1CA2451B0037080D /* MMLogoView.h */ = {isa = PBXFileReference; fileEncoding = 4; lastKnownFileType = sourcecode.c.h; path = MMLogoView.h; sourceTree = "<group>"; };
		A5FA74FF1CA2451B0037080D /* MMLogoView.m */ = {isa = PBXFileReference; fileEncoding = 4; lastKnownFileType = sourcecode.c.objc; path = MMLogoView.m; sourceTree = "<group>"; };
		A5FA75001CA2451B0037080D /* MMNavigationController.h */ = {isa = PBXFileReference; fileEncoding = 4; lastKnownFileType = sourcecode.c.h; path = MMNavigationController.h; sourceTree = "<group>"; };
		A5FA75011CA2451B0037080D /* MMNavigationController.m */ = {isa = PBXFileReference; fileEncoding = 4; lastKnownFileType = sourcecode.c.objc; path = MMNavigationController.m; sourceTree = "<group>"; };
		A5FA75021CA2451B0037080D /* MMSideDrawerSectionHeaderView.h */ = {isa = PBXFileReference; fileEncoding = 4; lastKnownFileType = sourcecode.c.h; path = MMSideDrawerSectionHeaderView.h; sourceTree = "<group>"; };
		A5FA75031CA2451B0037080D /* MMSideDrawerSectionHeaderView.m */ = {isa = PBXFileReference; fileEncoding = 4; lastKnownFileType = sourcecode.c.objc; path = MMSideDrawerSectionHeaderView.m; sourceTree = "<group>"; };
		A5FA75041CA2451B0037080D /* MMSideDrawerTableViewCell.h */ = {isa = PBXFileReference; fileEncoding = 4; lastKnownFileType = sourcecode.c.h; path = MMSideDrawerTableViewCell.h; sourceTree = "<group>"; };
		A5FA75051CA2451B0037080D /* MMSideDrawerTableViewCell.m */ = {isa = PBXFileReference; fileEncoding = 4; lastKnownFileType = sourcecode.c.objc; path = MMSideDrawerTableViewCell.m; sourceTree = "<group>"; };
		A5FA75061CA2451B0037080D /* MMTableViewCell.h */ = {isa = PBXFileReference; fileEncoding = 4; lastKnownFileType = sourcecode.c.h; path = MMTableViewCell.h; sourceTree = "<group>"; };
		A5FA75071CA2451B0037080D /* MMTableViewCell.m */ = {isa = PBXFileReference; fileEncoding = 4; lastKnownFileType = sourcecode.c.objc; path = MMTableViewCell.m; sourceTree = "<group>"; };
/* End PBXFileReference section */

/* Begin PBXFrameworksBuildPhase section */
		A5FA749E1CA2428F0037080D /* Frameworks */ = {
			isa = PBXFrameworksBuildPhase;
			buildActionMask = 2147483647;
			files = (
				A5FA74DE1CA242DA0037080D /* CoreGraphics.framework in Frameworks */,
				A5FA74DC1CA242D00037080D /* Foundation.framework in Frameworks */,
				A5FA74DA1CA242C80037080D /* UIKit.framework in Frameworks */,
				A5FA74D81CA242C00037080D /* QuartzCore.framework in Frameworks */,
			);
			runOnlyForDeploymentPostprocessing = 0;
		};
		A5FA74B71CA2428F0037080D /* Frameworks */ = {
			isa = PBXFrameworksBuildPhase;
			buildActionMask = 2147483647;
			files = (
			);
			runOnlyForDeploymentPostprocessing = 0;
		};
		A5FA74C21CA2428F0037080D /* Frameworks */ = {
			isa = PBXFrameworksBuildPhase;
			buildActionMask = 2147483647;
			files = (
			);
			runOnlyForDeploymentPostprocessing = 0;
		};
/* End PBXFrameworksBuildPhase section */

/* Begin PBXGroup section */
		A5FA74981CA2428F0037080D = {
			isa = PBXGroup;
			children = (
				A5FA74ED1CA2451B0037080D /* ExampleFiles */,
				A5FA74DF1CA243510037080D /* MMDrawerController */,
				A5FA74A31CA2428F0037080D /* 抽屉式滑动效果Demo */,
				A5FA74BD1CA2428F0037080D /* 抽屉式滑动效果DemoTests */,
				A5FA74C81CA2428F0037080D /* 抽屉式滑动效果DemoUITests */,
				A5FA74A21CA2428F0037080D /* Products */,
			);
			sourceTree = "<group>";
		};
		A5FA74A21CA2428F0037080D /* Products */ = {
			isa = PBXGroup;
			children = (
				A5FA74A11CA2428F0037080D /* 抽屉式滑动效果Demo.app */,
				A5FA74BA1CA2428F0037080D /* 抽屉式滑动效果DemoTests.xctest */,
				A5FA74C51CA2428F0037080D /* 抽屉式滑动效果DemoUITests.xctest */,
			);
			name = Products;
			sourceTree = "<group>";
		};
		A5FA74A31CA2428F0037080D /* 抽屉式滑动效果Demo */ = {
			isa = PBXGroup;
			children = (
				A5FA74A71CA2428F0037080D /* AppDelegate.h */,
				A5FA74A81CA2428F0037080D /* AppDelegate.m */,
				A5FA74AA1CA2428F0037080D /* ViewController.h */,
				A5FA74AB1CA2428F0037080D /* ViewController.m */,
				A5FA74AD1CA2428F0037080D /* Main.storyboard */,
				A5FA74B01CA2428F0037080D /* Assets.xcassets */,
				A5FA74B21CA2428F0037080D /* LaunchScreen.storyboard */,
				A5FA74B51CA2428F0037080D /* Info.plist */,
				A5FA74A41CA2428F0037080D /* Supporting Files */,
			);
			path = "抽屉式滑动效果Demo";
			sourceTree = "<group>";
		};
		A5FA74A41CA2428F0037080D /* Supporting Files */ = {
			isa = PBXGroup;
			children = (
				A5FA74DD1CA242DA0037080D /* CoreGraphics.framework */,
				A5FA74DB1CA242D00037080D /* Foundation.framework */,
				A5FA74D91CA242C80037080D /* UIKit.framework */,
				A5FA74D71CA242C00037080D /* QuartzCore.framework */,
				A5FA74A51CA2428F0037080D /* main.m */,
			);
			name = "Supporting Files";
			sourceTree = "<group>";
		};
		A5FA74BD1CA2428F0037080D /* 抽屉式滑动效果DemoTests */ = {
			isa = PBXGroup;
			children = (
				A5FA74BE1CA2428F0037080D /* _______DemoTests.m */,
				A5FA74C01CA2428F0037080D /* Info.plist */,
			);
			path = "抽屉式滑动效果DemoTests";
			sourceTree = "<group>";
		};
		A5FA74C81CA2428F0037080D /* 抽屉式滑动效果DemoUITests */ = {
			isa = PBXGroup;
			children = (
				A5FA74C91CA2428F0037080D /* _______DemoUITests.m */,
				A5FA74CB1CA2428F0037080D /* Info.plist */,
			);
			path = "抽屉式滑动效果DemoUITests";
			sourceTree = "<group>";
		};
		A5FA74DF1CA243510037080D /* MMDrawerController */ = {
			isa = PBXGroup;
			children = (
				A5FA74E01CA243510037080D /* MMDrawerBarButtonItem.h */,
				A5FA74E11CA243510037080D /* MMDrawerBarButtonItem.m */,
				A5FA74E21CA243510037080D /* MMDrawerController+Subclass.h */,
				A5FA74E31CA243510037080D /* MMDrawerController.h */,
				A5FA74E41CA243510037080D /* MMDrawerController.m */,
				A5FA74E51CA243510037080D /* MMDrawerVisualState.h */,
				A5FA74E61CA243510037080D /* MMDrawerVisualState.m */,
				A5FA74E71CA243510037080D /* UIViewController+MMDrawerController.h */,
				A5FA74E81CA243510037080D /* UIViewController+MMDrawerController.m */,
			);
			name = MMDrawerController;
			path = "抽屉式滑动效果Demo/MMDrawerController";
			sourceTree = "<group>";
		};
		A5FA74ED1CA2451B0037080D /* ExampleFiles */ = {
			isa = PBXGroup;
			children = (
				A5FA74EE1CA2451B0037080D /* MMCenterTableViewCell.h */,
				A5FA74EF1CA2451B0037080D /* MMCenterTableViewCell.m */,
				A5FA74F01CA2451B0037080D /* MMDrawerControllerKitchenSink-Info.plist */,
				A5FA74F11CA2451B0037080D /* MMDrawerControllerKitchenSink-Prefix.pch */,
				A5FA74F21CA2451B0037080D /* MMExampleCenterTableViewController.h */,
				A5FA74F31CA2451B0037080D /* MMExampleCenterTableViewController.m */,
				A5FA74F41CA2451B0037080D /* MMExampleDrawerVisualStateManager.h */,
				A5FA74F51CA2451B0037080D /* MMExampleDrawerVisualStateManager.m */,
				A5FA74F61CA2451B0037080D /* MMExampleLeftSideDrawerViewController.h */,
				A5FA74F71CA2451B0037080D /* MMExampleLeftSideDrawerViewController.m */,
				A5FA74F81CA2451B0037080D /* MMExampleRightSideDrawerViewController.h */,
				A5FA74F91CA2451B0037080D /* MMExampleRightSideDrawerViewController.m */,
				A5FA74FA1CA2451B0037080D /* MMExampleSideDrawerViewController.h */,
				A5FA74FB1CA2451B0037080D /* MMExampleSideDrawerViewController.m */,
				A5FA74FC1CA2451B0037080D /* MMExampleViewController.h */,
				A5FA74FD1CA2451B0037080D /* MMExampleViewController.m */,
				A5FA74FE1CA2451B0037080D /* MMLogoView.h */,
				A5FA74FF1CA2451B0037080D /* MMLogoView.m */,
				A5FA75001CA2451B0037080D /* MMNavigationController.h */,
				A5FA75011CA2451B0037080D /* MMNavigationController.m */,
				A5FA75021CA2451B0037080D /* MMSideDrawerSectionHeaderView.h */,
				A5FA75031CA2451B0037080D /* MMSideDrawerSectionHeaderView.m */,
				A5FA75041CA2451B0037080D /* MMSideDrawerTableViewCell.h */,
				A5FA75051CA2451B0037080D /* MMSideDrawerTableViewCell.m */,
				A5FA75061CA2451B0037080D /* MMTableViewCell.h */,
				A5FA75071CA2451B0037080D /* MMTableViewCell.m */,
			);
			name = ExampleFiles;
			path = "抽屉式滑动效果Demo/ExampleFiles";
			sourceTree = "<group>";
		};
/* End PBXGroup section */

/* Begin PBXNativeTarget section */
		A5FA74A01CA2428F0037080D /* 抽屉式滑动效果Demo */ = {
			isa = PBXNativeTarget;
			buildConfigurationList = A5FA74CE1CA2428F0037080D /* Build configuration list for PBXNativeTarget "抽屉式滑动效果Demo" */;
			buildPhases = (
				A5FA749D1CA2428F0037080D /* Sources */,
				A5FA749E1CA2428F0037080D /* Frameworks */,
				A5FA749F1CA2428F0037080D /* Resources */,
			);
			buildRules = (
			);
			dependencies = (
			);
			name = "抽屉式滑动效果Demo";
			productName = "抽屉式滑动效果Demo";
			productReference = A5FA74A11CA2428F0037080D /* 抽屉式滑动效果Demo.app */;
			productType = "com.apple.product-type.application";
		};
		A5FA74B91CA2428F0037080D /* 抽屉式滑动效果DemoTests */ = {
			isa = PBXNativeTarget;
			buildConfigurationList = A5FA74D11CA2428F0037080D /* Build configuration list for PBXNativeTarget "抽屉式滑动效果DemoTests" */;
			buildPhases = (
				A5FA74B61CA2428F0037080D /* Sources */,
				A5FA74B71CA2428F0037080D /* Frameworks */,
				A5FA74B81CA2428F0037080D /* Resources */,
			);
			buildRules = (
			);
			dependencies = (
				A5FA74BC1CA2428F0037080D /* PBXTargetDependency */,
			);
			name = "抽屉式滑动效果DemoTests";
			productName = "抽屉式滑动效果DemoTests";
			productReference = A5FA74BA1CA2428F0037080D /* 抽屉式滑动效果DemoTests.xctest */;
			productType = "com.apple.product-type.bundle.unit-test";
		};
		A5FA74C41CA2428F0037080D /* 抽屉式滑动效果DemoUITests */ = {
			isa = PBXNativeTarget;
			buildConfigurationList = A5FA74D41CA2428F0037080D /* Build configuration list for PBXNativeTarget "抽屉式滑动效果DemoUITests" */;
			buildPhases = (
				A5FA74C11CA2428F0037080D /* Sources */,
				A5FA74C21CA2428F0037080D /* Frameworks */,
				A5FA74C31CA2428F0037080D /* Resources */,
			);
			buildRules = (
			);
			dependencies = (
				A5FA74C71CA2428F0037080D /* PBXTargetDependency */,
			);
			name = "抽屉式滑动效果DemoUITests";
			productName = "抽屉式滑动效果DemoUITests";
			productReference = A5FA74C51CA2428F0037080D /* 抽屉式滑动效果DemoUITests.xctest */;
			productType = "com.apple.product-type.bundle.ui-testing";
		};
/* End PBXNativeTarget section */

/* Begin PBXProject section */
		A5FA74991CA2428F0037080D /* Project object */ = {
			isa = PBXProject;
			attributes = {
				LastUpgradeCheck = 0710;
				ORGANIZATIONNAME = baobao;
				TargetAttributes = {
					A5FA74A01CA2428F0037080D = {
						CreatedOnToolsVersion = 7.1;
					};
					A5FA74B91CA2428F0037080D = {
						CreatedOnToolsVersion = 7.1;
						TestTargetID = A5FA74A01CA2428F0037080D;
					};
					A5FA74C41CA2428F0037080D = {
						CreatedOnToolsVersion = 7.1;
						TestTargetID = A5FA74A01CA2428F0037080D;
					};
				};
			};
			buildConfigurationList = A5FA749C1CA2428F0037080D /* Build configuration list for PBXProject "抽屉式滑动效果Demo" */;
			compatibilityVersion = "Xcode 3.2";
			developmentRegion = English;
			hasScannedForEncodings = 0;
			knownRegions = (
				en,
				Base,
			);
			mainGroup = A5FA74981CA2428F0037080D;
			productRefGroup = A5FA74A21CA2428F0037080D /* Products */;
			projectDirPath = "";
			projectRoot = "";
			targets = (
				A5FA74A01CA2428F0037080D /* 抽屉式滑动效果Demo */,
				A5FA74B91CA2428F0037080D /* 抽屉式滑动效果DemoTests */,
				A5FA74C41CA2428F0037080D /* 抽屉式滑动效果DemoUITests */,
			);
		};
/* End PBXProject section */

/* Begin PBXResourcesBuildPhase section */
		A5FA749F1CA2428F0037080D /* Resources */ = {
			isa = PBXResourcesBuildPhase;
			buildActionMask = 2147483647;
			files = (
				A5FA74B41CA2428F0037080D /* LaunchScreen.storyboard in Resources */,
				A5FA75091CA2451B0037080D /* MMDrawerControllerKitchenSink-Info.plist in Resources */,
				A5FA74B11CA2428F0037080D /* Assets.xcassets in Resources */,
				A5FA74AF1CA2428F0037080D /* Main.storyboard in Resources */,
			);
			runOnlyForDeploymentPostprocessing = 0;
		};
		A5FA74B81CA2428F0037080D /* Resources */ = {
			isa = PBXResourcesBuildPhase;
			buildActionMask = 2147483647;
			files = (
			);
			runOnlyForDeploymentPostprocessing = 0;
		};
		A5FA74C31CA2428F0037080D /* Resources */ = {
			isa = PBXResourcesBuildPhase;
			buildActionMask = 2147483647;
			files = (
			);
			runOnlyForDeploymentPostprocessing = 0;
		};
/* End PBXResourcesBuildPhase section */

/* Begin PBXSourcesBuildPhase section */
		A5FA749D1CA2428F0037080D /* Sources */ = {
			isa = PBXSourcesBuildPhase;
			buildActionMask = 2147483647;
			files = (
				A5FA75081CA2451B0037080D /* MMCenterTableViewCell.m in Sources */,
				A5FA75111CA2451B0037080D /* MMNavigationController.m in Sources */,
				A5FA74EB1CA243510037080D /* MMDrawerVisualState.m in Sources */,
				A5FA75141CA2451B0037080D /* MMTableViewCell.m in Sources */,
				A5FA75131CA2451B0037080D /* MMSideDrawerTableViewCell.m in Sources */,
				A5FA74AC1CA2428F0037080D /* ViewController.m in Sources */,
				A5FA74EC1CA243510037080D /* UIViewController+MMDrawerController.m in Sources */,
				A5FA750D1CA2451B0037080D /* MMExampleRightSideDrawerViewController.m in Sources */,
				A5FA74EA1CA243510037080D /* MMDrawerController.m in Sources */,
				A5FA750A1CA2451B0037080D /* MMExampleCenterTableViewController.m in Sources */,
				A5FA750F1CA2451B0037080D /* MMExampleViewController.m in Sources */,
				A5FA74E91CA243510037080D /* MMDrawerBarButtonItem.m in Sources */,
				A5FA75121CA2451B0037080D /* MMSideDrawerSectionHeaderView.m in Sources */,
				A5FA750C1CA2451B0037080D /* MMExampleLeftSideDrawerViewController.m in Sources */,
				A5FA750E1CA2451B0037080D /* MMExampleSideDrawerViewController.m in Sources */,
				A5FA74A91CA2428F0037080D /* AppDelegate.m in Sources */,
				A5FA75101CA2451B0037080D /* MMLogoView.m in Sources */,
				A5FA74A61CA2428F0037080D /* main.m in Sources */,
				A5FA750B1CA2451B0037080D /* MMExampleDrawerVisualStateManager.m in Sources */,
			);
			runOnlyForDeploymentPostprocessing = 0;
		};
		A5FA74B61CA2428F0037080D /* Sources */ = {
			isa = PBXSourcesBuildPhase;
			buildActionMask = 2147483647;
			files = (
				A5FA74BF1CA2428F0037080D /* _______DemoTests.m in Sources */,
			);
			runOnlyForDeploymentPostprocessing = 0;
		};
		A5FA74C11CA2428F0037080D /* Sources */ = {
			isa = PBXSourcesBuildPhase;
			buildActionMask = 2147483647;
			files = (
				A5FA74CA1CA2428F0037080D /* _______DemoUITests.m in Sources */,
			);
			runOnlyForDeploymentPostprocessing = 0;
		};
/* End PBXSourcesBuildPhase section */

/* Begin PBXTargetDependency section */
		A5FA74BC1CA2428F0037080D /* PBXTargetDependency */ = {
			isa = PBXTargetDependency;
			target = A5FA74A01CA2428F0037080D /* 抽屉式滑动效果Demo */;
			targetProxy = A5FA74BB1CA2428F0037080D /* PBXContainerItemProxy */;
		};
		A5FA74C71CA2428F0037080D /* PBXTargetDependency */ = {
			isa = PBXTargetDependency;
			target = A5FA74A01CA2428F0037080D /* 抽屉式滑动效果Demo */;
			targetProxy = A5FA74C61CA2428F0037080D /* PBXContainerItemProxy */;
		};
/* End PBXTargetDependency section */

/* Begin PBXVariantGroup section */
		A5FA74AD1CA2428F0037080D /* Main.storyboard */ = {
			isa = PBXVariantGroup;
			children = (
				A5FA74AE1CA2428F0037080D /* Base */,
			);
			name = Main.storyboard;
			sourceTree = "<group>";
		};
		A5FA74B21CA2428F0037080D /* LaunchScreen.storyboard */ = {
			isa = PBXVariantGroup;
			children = (
				A5FA74B31CA2428F0037080D /* Base */,
			);
			name = LaunchScreen.storyboard;
			sourceTree = "<group>";
		};
/* End PBXVariantGroup section */

/* Begin XCBuildConfiguration section */
		A5FA74CC1CA2428F0037080D /* Debug */ = {
			isa = XCBuildConfiguration;
			buildSettings = {
				ALWAYS_SEARCH_USER_PATHS = NO;
				CLANG_CXX_LANGUAGE_STANDARD = "gnu++0x";
				CLANG_CXX_LIBRARY = "libc++";
				CLANG_ENABLE_MODULES = YES;
				CLANG_ENABLE_OBJC_ARC = YES;
				CLANG_WARN_BOOL_CONVERSION = YES;
				CLANG_WARN_CONSTANT_CONVERSION = YES;
				CLANG_WARN_DIRECT_OBJC_ISA_USAGE = YES_ERROR;
				CLANG_WARN_EMPTY_BODY = YES;
				CLANG_WARN_ENUM_CONVERSION = YES;
				CLANG_WARN_INT_CONVERSION = YES;
				CLANG_WARN_OBJC_ROOT_CLASS = YES_ERROR;
				CLANG_WARN_UNREACHABLE_CODE = YES;
				CLANG_WARN__DUPLICATE_METHOD_MATCH = YES;
				"CODE_SIGN_IDENTITY[sdk=iphoneos*]" = "iPhone Developer";
				COPY_PHASE_STRIP = NO;
				DEBUG_INFORMATION_FORMAT = dwarf;
				ENABLE_STRICT_OBJC_MSGSEND = YES;
				ENABLE_TESTABILITY = YES;
				GCC_C_LANGUAGE_STANDARD = gnu99;
				GCC_DYNAMIC_NO_PIC = NO;
				GCC_NO_COMMON_BLOCKS = YES;
				GCC_OPTIMIZATION_LEVEL = 0;
				GCC_PREPROCESSOR_DEFINITIONS = (
					"DEBUG=1",
					"$(inherited)",
				);
				GCC_WARN_64_TO_32_BIT_CONVERSION = YES;
				GCC_WARN_ABOUT_RETURN_TYPE = YES_ERROR;
				GCC_WARN_UNDECLARED_SELECTOR = YES;
				GCC_WARN_UNINITIALIZED_AUTOS = YES_AGGRESSIVE;
				GCC_WARN_UNUSED_FUNCTION = YES;
				GCC_WARN_UNUSED_VARIABLE = YES;
				IPHONEOS_DEPLOYMENT_TARGET = 9.1;
				MTL_ENABLE_DEBUG_INFO = YES;
				ONLY_ACTIVE_ARCH = YES;
				SDKROOT = iphoneos;
			};
			name = Debug;
		};
		A5FA74CD1CA2428F0037080D /* Release */ = {
			isa = XCBuildConfiguration;
			buildSettings = {
				ALWAYS_SEARCH_USER_PATHS = NO;
				CLANG_CXX_LANGUAGE_STANDARD = "gnu++0x";
				CLANG_CXX_LIBRARY = "libc++";
				CLANG_ENABLE_MODULES = YES;
				CLANG_ENABLE_OBJC_ARC = YES;
				CLANG_WARN_BOOL_CONVERSION = YES;
				CLANG_WARN_CONSTANT_CONVERSION = YES;
				CLANG_WARN_DIRECT_OBJC_ISA_USAGE = YES_ERROR;
				CLANG_WARN_EMPTY_BODY = YES;
				CLANG_WARN_ENUM_CONVERSION = YES;
				CLANG_WARN_INT_CONVERSION = YES;
				CLANG_WARN_OBJC_ROOT_CLASS = YES_ERROR;
				CLANG_WARN_UNREACHABLE_CODE = YES;
				CLANG_WARN__DUPLICATE_METHOD_MATCH = YES;
				"CODE_SIGN_IDENTITY[sdk=iphoneos*]" = "iPhone Developer";
				COPY_PHASE_STRIP = NO;
				DEBUG_INFORMATION_FORMAT = "dwarf-with-dsym";
				ENABLE_NS_ASSERTIONS = NO;
				ENABLE_STRICT_OBJC_MSGSEND = YES;
				GCC_C_LANGUAGE_STANDARD = gnu99;
				GCC_NO_COMMON_BLOCKS = YES;
				GCC_WARN_64_TO_32_BIT_CONVERSION = YES;
				GCC_WARN_ABOUT_RETURN_TYPE = YES_ERROR;
				GCC_WARN_UNDECLARED_SELECTOR = YES;
				GCC_WARN_UNINITIALIZED_AUTOS = YES_AGGRESSIVE;
				GCC_WARN_UNUSED_FUNCTION = YES;
				GCC_WARN_UNUSED_VARIABLE = YES;
				IPHONEOS_DEPLOYMENT_TARGET = 9.1;
				MTL_ENABLE_DEBUG_INFO = NO;
				SDKROOT = iphoneos;
				VALIDATE_PRODUCT = YES;
			};
			name = Release;
		};
		A5FA74CF1CA2428F0037080D /* Debug */ = {
			isa = XCBuildConfiguration;
			buildSettings = {
				ASSETCATALOG_COMPILER_APPICON_NAME = AppIcon;
				INFOPLIST_FILE = "抽屉式滑动效果Demo/Info.plist";
				LD_RUNPATH_SEARCH_PATHS = "$(inherited) @executable_path/Frameworks";
				PRODUCT_BUNDLE_IDENTIFIER = "com.baobao.www.-------Demo";
				PRODUCT_NAME = "$(TARGET_NAME)";
			};
			name = Debug;
		};
		A5FA74D01CA2428F0037080D /* Release */ = {
			isa = XCBuildConfiguration;
			buildSettings = {
				ASSETCATALOG_COMPILER_APPICON_NAME = AppIcon;
				INFOPLIST_FILE = "抽屉式滑动效果Demo/Info.plist";
				LD_RUNPATH_SEARCH_PATHS = "$(inherited) @executable_path/Frameworks";
				PRODUCT_BUNDLE_IDENTIFIER = "com.baobao.www.-------Demo";
				PRODUCT_NAME = "$(TARGET_NAME)";
			};
			name = Release;
		};
		A5FA74D21CA2428F0037080D /* Debug */ = {
			isa = XCBuildConfiguration;
			buildSettings = {
				BUNDLE_LOADER = "$(TEST_HOST)";
				INFOPLIST_FILE = "抽屉式滑动效果DemoTests/Info.plist";
				LD_RUNPATH_SEARCH_PATHS = "$(inherited) @executable_path/Frameworks @loader_path/Frameworks";
				PRODUCT_BUNDLE_IDENTIFIER = "com.baobao.www.-------DemoTests";
				PRODUCT_NAME = "$(TARGET_NAME)";
				TEST_HOST = "$(BUILT_PRODUCTS_DIR)/抽屉式滑动效果Demo.app/抽屉式滑动效果Demo";
			};
			name = Debug;
		};
		A5FA74D31CA2428F0037080D /* Release */ = {
			isa = XCBuildConfiguration;
			buildSettings = {
				BUNDLE_LOADER = "$(TEST_HOST)";
				INFOPLIST_FILE = "抽屉式滑动效果DemoTests/Info.plist";
				LD_RUNPATH_SEARCH_PATHS = "$(inherited) @executable_path/Frameworks @loader_path/Frameworks";
				PRODUCT_BUNDLE_IDENTIFIER = "com.baobao.www.-------DemoTests";
				PRODUCT_NAME = "$(TARGET_NAME)";
				TEST_HOST = "$(BUILT_PRODUCTS_DIR)/抽屉式滑动效果Demo.app/抽屉式滑动效果Demo";
			};
			name = Release;
		};
		A5FA74D51CA2428F0037080D /* Debug */ = {
			isa = XCBuildConfiguration;
			buildSettings = {
				INFOPLIST_FILE = "抽屉式滑动效果DemoUITests/Info.plist";
				LD_RUNPATH_SEARCH_PATHS = "$(inherited) @executable_path/Frameworks @loader_path/Frameworks";
				PRODUCT_BUNDLE_IDENTIFIER = "com.baobao.www.-------DemoUITests";
				PRODUCT_NAME = "$(TARGET_NAME)";
				TEST_TARGET_NAME = "抽屉式滑动效果Demo";
				USES_XCTRUNNER = YES;
			};
			name = Debug;
		};
		A5FA74D61CA2428F0037080D /* Release */ = {
			isa = XCBuildConfiguration;
			buildSettings = {
				INFOPLIST_FILE = "抽屉式滑动效果DemoUITests/Info.plist";
				LD_RUNPATH_SEARCH_PATHS = "$(inherited) @executable_path/Frameworks @loader_path/Frameworks";
				PRODUCT_BUNDLE_IDENTIFIER = "com.baobao.www.-------DemoUITests";
				PRODUCT_NAME = "$(TARGET_NAME)";
				TEST_TARGET_NAME = "抽屉式滑动效果Demo";
				USES_XCTRUNNER = YES;
			};
			name = Release;
		};
/* End XCBuildConfiguration section */

/* Begin XCConfigurationList section */
		A5FA749C1CA2428F0037080D /* Build configuration list for PBXProject "抽屉式滑动效果Demo" */ = {
			isa = XCConfigurationList;
			buildConfigurations = (
				A5FA74CC1CA2428F0037080D /* Debug */,
				A5FA74CD1CA2428F0037080D /* Release */,
			);
			defaultConfigurationIsVisible = 0;
			defaultConfigurationName = Release;
		};
		A5FA74CE1CA2428F0037080D /* Build configuration list for PBXNativeTarget "抽屉式滑动效果Demo" */ = {
			isa = XCConfigurationList;
			buildConfigurations = (
				A5FA74CF1CA2428F0037080D /* Debug */,
				A5FA74D01CA2428F0037080D /* Release */,
			);
			defaultConfigurationIsVisible = 0;
		};
		A5FA74D11CA2428F0037080D /* Build configuration list for PBXNativeTarget "抽屉式滑动效果DemoTests" */ = {
			isa = XCConfigurationList;
			buildConfigurations = (
				A5FA74D21CA2428F0037080D /* Debug */,
				A5FA74D31CA2428F0037080D /* Release */,
			);
			defaultConfigurationIsVisible = 0;
		};
		A5FA74D41CA2428F0037080D /* Build configuration list for PBXNativeTarget "抽屉式滑动效果DemoUITests" */ = {
			isa = XCConfigurationList;
			buildConfigurations = (
				A5FA74D51CA2428F0037080D /* Debug */,
				A5FA74D61CA2428F0037080D /* Release */,
			);
			defaultConfigurationIsVisible = 0;
		};
/* End XCConfigurationList section */
	};
	rootObject = A5FA74991CA2428F0037080D /* Project object */;
}
